
Microsoft Visual Studio Solution File, Format Version 12.00
# Visual Studio 15
VisualStudioVersion = 15.0.27004.2002
MinimumVisualStudioVersion = 10.0.40219.1
Project("{FAE04EC0-301F-11D3-BF4B-00C04F79EFBC}") = "MyAppLab6", "MyAppLab6\MyAppLab6.csproj", "{83F44EC6-B4A4-4A00-B03E-B7909D24CAA3}"
EndProject
Global
	GlobalSection(SolutionConfigurationPlatforms) = preSolution
		Debug|Any CPU = Debug|Any CPU
		Release|Any CPU = Release|Any CPU
	EndGlobalSection
	GlobalSection(ProjectConfigurationPlatforms) = postSolution
		{83F44EC6-B4A4-4A00-B03E-B7909D24CAA3}.Debug|Any CPU.ActiveCfg = Debug|Any CPU
		{83F44EC6-B4A4-4A00-B03E-B7909D24CAA3}.Debug|Any CPU.Build.0 = Debug|Any CPU
		{83F44EC6-B4A4-4A00-B03E-B7909D24CAA3}.Release|Any CPU.ActiveCfg = Release|Any CPU
		{83F44EC6-B4A4-4A00-B03E-B7909D24CAA3}.Release|Any CPU.Build.0 = Release|Any CPU
	EndGlobalSection
	GlobalSection(SolutionProperties) = preSolution
		HideSolutionNode = FALSE
	EndGlobalSection
	GlobalSection(ExtensibilityGlobals) = postSolution
		SolutionGuid = {B079B74B-C5E4-4897-BF93-8B1A1362AAF2}
	EndGlobalSection
EndGlobal
