
Microsoft Visual Studio Solution File, Format Version 12.00
# Visual Studio 15
VisualStudioVersion = 15.0.27004.2002
MinimumVisualStudioVersion = 10.0.40219.1
Project("{FAE04EC0-301F-11D3-BF4B-00C04F79EFBC}") = "CarCalculator", "CarCalculator\CarCalculator.csproj", "{C5793BA4-E2FE-4FD8-A248-03D47A1E8C32}"
EndProject
Global
	GlobalSection(SolutionConfigurationPlatforms) = preSolution
		Debug|Any CPU = Debug|Any CPU
		Release|Any CPU = Release|Any CPU
	EndGlobalSection
	GlobalSection(ProjectConfigurationPlatforms) = postSolution
		{C5793BA4-E2FE-4FD8-A248-03D47A1E8C32}.Debug|Any CPU.ActiveCfg = Debug|Any CPU
		{C5793BA4-E2FE-4FD8-A248-03D47A1E8C32}.Debug|Any CPU.Build.0 = Debug|Any CPU
		{C5793BA4-E2FE-4FD8-A248-03D47A1E8C32}.Release|Any CPU.ActiveCfg = Release|Any CPU
		{C5793BA4-E2FE-4FD8-A248-03D47A1E8C32}.Release|Any CPU.Build.0 = Release|Any CPU
	EndGlobalSection
	GlobalSection(SolutionProperties) = preSolution
		HideSolutionNode = FALSE
	EndGlobalSection
	GlobalSection(ExtensibilityGlobals) = postSolution
		SolutionGuid = {E71271F8-A7BD-49E4-B913-CDA9254A109E}
	EndGlobalSection
EndGlobal
